// !$*UTF8*$!
{
	archiveVersion = 1;
	classes = {
	};
	objectVersion = 56;
	objects = {

/* Begin PBXBuildFile section */
		DF0A62C829E440460064BA9F /* TabBarController.swift in Sources */ = {isa = PBXBuildFile; fileRef = DF0A62C729E440460064BA9F /* TabBarController.swift */; };
		DF0A62CA29E4410F0064BA9F /* BaseNavigationControllr.swift in Sources */ = {isa = PBXBuildFile; fileRef = DF0A62C929E4410F0064BA9F /* BaseNavigationControllr.swift */; };
		DF0A62CD29E446560064BA9F /* ProfileCoordinator.swift in Sources */ = {isa = PBXBuildFile; fileRef = DF0A62CC29E446560064BA9F /* ProfileCoordinator.swift */; };
		DF0A62CF29E4466B0064BA9F /* ProfileViewController.swift in Sources */ = {isa = PBXBuildFile; fileRef = DF0A62CE29E4466B0064BA9F /* ProfileViewController.swift */; };
		DF0A62D129E446830064BA9F /* ProfileAssembly.swift in Sources */ = {isa = PBXBuildFile; fileRef = DF0A62D029E446830064BA9F /* ProfileAssembly.swift */; };
		DF0A62D329E4499B0064BA9F /* RootTab.swift in Sources */ = {isa = PBXBuildFile; fileRef = DF0A62D229E4499A0064BA9F /* RootTab.swift */; };
		DFE3AD0C29DAE2680080E638 /* AppDelegate.swift in Sources */ = {isa = PBXBuildFile; fileRef = DFE3AD0B29DAE2680080E638 /* AppDelegate.swift */; };
		DFE3AD0E29DAE2680080E638 /* SceneDelegate.swift in Sources */ = {isa = PBXBuildFile; fileRef = DFE3AD0D29DAE2680080E638 /* SceneDelegate.swift */; };
		DFE3AD1029DAE2680080E638 /* ViewController.swift in Sources */ = {isa = PBXBuildFile; fileRef = DFE3AD0F29DAE2680080E638 /* ViewController.swift */; };
		DFE3AD1529DAE26B0080E638 /* Assets.xcassets in Resources */ = {isa = PBXBuildFile; fileRef = DFE3AD1429DAE26B0080E638 /* Assets.xcassets */; };
		DFE3AD7B29DAE9720080E638 /* ApiError.swift in Sources */ = {isa = PBXBuildFile; fileRef = DFE3AD7729DAE9720080E638 /* ApiError.swift */; };
		DFE3AD7C29DAE9720080E638 /* APIClient.swift in Sources */ = {isa = PBXBuildFile; fileRef = DFE3AD7829DAE9720080E638 /* APIClient.swift */; };
		DFE3AD7D29DAE9720080E638 /* AuthApiClient.swift in Sources */ = {isa = PBXBuildFile; fileRef = DFE3AD7929DAE9720080E638 /* AuthApiClient.swift */; };
		DFE3AD7E29DAE9720080E638 /* NetworkConstants.swift in Sources */ = {isa = PBXBuildFile; fileRef = DFE3AD7A29DAE9720080E638 /* NetworkConstants.swift */; };
		DFE3ADD129DAE9C70080E638 /* AppCoordinator.swift in Sources */ = {isa = PBXBuildFile; fileRef = DFE3ADD029DAE9C60080E638 /* AppCoordinator.swift */; };
		DFE3ADD329DAE9DF0080E638 /* Assembly.swift in Sources */ = {isa = PBXBuildFile; fileRef = DFE3ADD229DAE9DE0080E638 /* Assembly.swift */; };
		DFE3ADE329DAE9F50080E638 /* BaseViewControlleer.swift in Sources */ = {isa = PBXBuildFile; fileRef = DFE3ADD529DAE9EE0080E638 /* BaseViewControlleer.swift */; };
		DFE3ADE429DAE9F50080E638 /* BaseCoordinator.swift in Sources */ = {isa = PBXBuildFile; fileRef = DFE3ADD629DAE9EE0080E638 /* BaseCoordinator.swift */; };
		DFE3ADE529DAE9F50080E638 /* FirstHomework.swift in Sources */ = {isa = PBXBuildFile; fileRef = DFE3ADD729DAE9EF0080E638 /* FirstHomework.swift */; };
		DFE3ADE629DAE9F50080E638 /* AuthViewController.swift in Sources */ = {isa = PBXBuildFile; fileRef = DFE3ADD929DAE9EF0080E638 /* AuthViewController.swift */; };
		DFE3ADE729DAE9F50080E638 /* AuthDataProvider.swift in Sources */ = {isa = PBXBuildFile; fileRef = DFE3ADDA29DAE9EF0080E638 /* AuthDataProvider.swift */; };
		DFE3ADE829DAE9F50080E638 /* AuthCoordinator.swift in Sources */ = {isa = PBXBuildFile; fileRef = DFE3ADDB29DAE9EF0080E638 /* AuthCoordinator.swift */; };
		DFE3ADE929DAE9F50080E638 /* AuthViewData.swift in Sources */ = {isa = PBXBuildFile; fileRef = DFE3ADDC29DAE9EF0080E638 /* AuthViewData.swift */; };
		DFE3ADEA29DAE9F50080E638 /* AuthAssembly.swift in Sources */ = {isa = PBXBuildFile; fileRef = DFE3ADDD29DAE9EF0080E638 /* AuthAssembly.swift */; };
		DFE3ADEB29DAE9F50080E638 /* AuthViewImp.xib in Resources */ = {isa = PBXBuildFile; fileRef = DFE3ADDF29DAE9EF0080E638 /* AuthViewImp.xib */; };
		DFE3ADEC29DAE9F50080E638 /* AuthView.swift in Sources */ = {isa = PBXBuildFile; fileRef = DFE3ADE029DAE9EF0080E638 /* AuthView.swift */; };
		DFE3ADED29DAE9F50080E638 /* ColorGenerator.swift in Sources */ = {isa = PBXBuildFile; fileRef = DFE3ADE129DAE9F30080E638 /* ColorGenerator.swift */; };
		DFE3ADEE29DAE9F50080E638 /* CustomButton.swift in Sources */ = {isa = PBXBuildFile; fileRef = DFE3ADE229DAE9F40080E638 /* CustomButton.swift */; };
		DFE3AE0029DAEA010080E638 /* Location.swift in Sources */ = {isa = PBXBuildFile; fileRef = DFE3ADF129DAE9FF0080E638 /* Location.swift */; };
		DFE3AE0229DAEA010080E638 /* TokenResponce.swift in Sources */ = {isa = PBXBuildFile; fileRef = DFE3ADF329DAE9FF0080E638 /* TokenResponce.swift */; };
		DFE3AE0329DAEA010080E638 /* RegistrationViewData.swift in Sources */ = {isa = PBXBuildFile; fileRef = DFE3ADF529DAEA000080E638 /* RegistrationViewData.swift */; };
		DFE3AE0429DAEA010080E638 /* RegistrationView.swift in Sources */ = {isa = PBXBuildFile; fileRef = DFE3ADF629DAEA000080E638 /* RegistrationView.swift */; };
		DFE3AE0529DAEA010080E638 /* RegistrationAssembly.swift in Sources */ = {isa = PBXBuildFile; fileRef = DFE3ADF729DAEA000080E638 /* RegistrationAssembly.swift */; };
		DFE3AE0629DAEA010080E638 /* RegistrationViewController.swift in Sources */ = {isa = PBXBuildFile; fileRef = DFE3ADF829DAEA000080E638 /* RegistrationViewController.swift */; };
		DFE3AE0729DAEA010080E638 /* RegistrationDataProvider.swift in Sources */ = {isa = PBXBuildFile; fileRef = DFE3ADF929DAEA000080E638 /* RegistrationDataProvider.swift */; };
		DFE3AE0829DAEA010080E638 /* RegistrationCoordinator.swift in Sources */ = {isa = PBXBuildFile; fileRef = DFE3ADFA29DAEA000080E638 /* RegistrationCoordinator.swift */; };
		DFE3AE0929DAEA010080E638 /* SplashCoordinator.swift in Sources */ = {isa = PBXBuildFile; fileRef = DFE3ADFC29DAEA000080E638 /* SplashCoordinator.swift */; };
		DFE3AE0A29DAEA010080E638 /* SplashViewController.swift in Sources */ = {isa = PBXBuildFile; fileRef = DFE3ADFD29DAEA000080E638 /* SplashViewController.swift */; };
		DFE3AE0B29DAEA010080E638 /* SplashAssembly.swift in Sources */ = {isa = PBXBuildFile; fileRef = DFE3ADFE29DAEA000080E638 /* SplashAssembly.swift */; };
		DFE3AE0C29DAEA010080E638 /* SplashDataProvider.swift in Sources */ = {isa = PBXBuildFile; fileRef = DFE3ADFF29DAEA000080E638 /* SplashDataProvider.swift */; };
		DFE3AE1329DEE66A0080E638 /* CharacterAssembly.swift in Sources */ = {isa = PBXBuildFile; fileRef = DFE3AE1229DEE66A0080E638 /* CharacterAssembly.swift */; };
		DFE3AE1629DEE6990080E638 /* CharacterCoordinator.swift in Sources */ = {isa = PBXBuildFile; fileRef = DFE3AE1529DEE6990080E638 /* CharacterCoordinator.swift */; };
		DFE3AE1829DEE6C30080E638 /* CharacterDataProvider.swift in Sources */ = {isa = PBXBuildFile; fileRef = DFE3AE1729DEE6C30080E638 /* CharacterDataProvider.swift */; };
		DFE3AE1A29DEE6E50080E638 /* CharacterViewController.swift in Sources */ = {isa = PBXBuildFile; fileRef = DFE3AE1929DEE6E50080E638 /* CharacterViewController.swift */; };
		DFE3AE1D29DEE9960080E638 /* LocationAssembly.swift in Sources */ = {isa = PBXBuildFile; fileRef = DFE3AE1C29DEE9960080E638 /* LocationAssembly.swift */; };
		DFE3AE1F29DEE9C30080E638 /* LocationCoordinator.swift in Sources */ = {isa = PBXBuildFile; fileRef = DFE3AE1E29DEE9C30080E638 /* LocationCoordinator.swift */; };
		DFE3AE2129DEE9EB0080E638 /* LocationDataProvider.swift in Sources */ = {isa = PBXBuildFile; fileRef = DFE3AE2029DEE9EB0080E638 /* LocationDataProvider.swift */; };
		DFE3AE2329DEEA110080E638 /* LocationViewController.swift in Sources */ = {isa = PBXBuildFile; fileRef = DFE3AE2229DEEA110080E638 /* LocationViewController.swift */; };
		DFE3AE2529DEEA670080E638 /* CharacterApiClient.swift in Sources */ = {isa = PBXBuildFile; fileRef = DFE3AE2429DEEA670080E638 /* CharacterApiClient.swift */; };
		DFE3AE2729DEEAD20080E638 /* LocationApiClient.swift in Sources */ = {isa = PBXBuildFile; fileRef = DFE3AE2629DEEAD20080E638 /* LocationApiClient.swift */; };
		DFE3AE2929DEEB2B0080E638 /* RegistrationApiClient.swift in Sources */ = {isa = PBXBuildFile; fileRef = DFE3AE2829DEEB2B0080E638 /* RegistrationApiClient.swift */; };
		DFE3AE2B29DEEBB00080E638 /* Character.swift in Sources */ = {isa = PBXBuildFile; fileRef = DFE3AE2A29DEEBB00080E638 /* Character.swift */; };
/* End PBXBuildFile section */

/* Begin PBXFileReference section */
		DF0A62C729E440460064BA9F /* TabBarController.swift */ = {isa = PBXFileReference; lastKnownFileType = sourcecode.swift; path = TabBarController.swift; sourceTree = "<group>"; };
		DF0A62C929E4410F0064BA9F /* BaseNavigationControllr.swift */ = {isa = PBXFileReference; lastKnownFileType = sourcecode.swift; path = BaseNavigationControllr.swift; sourceTree = "<group>"; };
		DF0A62CC29E446560064BA9F /* ProfileCoordinator.swift */ = {isa = PBXFileReference; lastKnownFileType = sourcecode.swift; path = ProfileCoordinator.swift; sourceTree = "<group>"; };
		DF0A62CE29E4466B0064BA9F /* ProfileViewController.swift */ = {isa = PBXFileReference; lastKnownFileType = sourcecode.swift; path = ProfileViewController.swift; sourceTree = "<group>"; };
		DF0A62D029E446830064BA9F /* ProfileAssembly.swift */ = {isa = PBXFileReference; lastKnownFileType = sourcecode.swift; path = ProfileAssembly.swift; sourceTree = "<group>"; };
		DF0A62D229E4499A0064BA9F /* RootTab.swift */ = {isa = PBXFileReference; lastKnownFileType = sourcecode.swift; path = RootTab.swift; sourceTree = "<group>"; };
		DFE3AD0829DAE2680080E638 /* iosSchool.app */ = {isa = PBXFileReference; explicitFileType = wrapper.application; includeInIndex = 0; path = iosSchool.app; sourceTree = BUILT_PRODUCTS_DIR; };
		DFE3AD0B29DAE2680080E638 /* AppDelegate.swift */ = {isa = PBXFileReference; lastKnownFileType = sourcecode.swift; path = AppDelegate.swift; sourceTree = "<group>"; };
		DFE3AD0D29DAE2680080E638 /* SceneDelegate.swift */ = {isa = PBXFileReference; lastKnownFileType = sourcecode.swift; path = SceneDelegate.swift; sourceTree = "<group>"; };
		DFE3AD0F29DAE2680080E638 /* ViewController.swift */ = {isa = PBXFileReference; lastKnownFileType = sourcecode.swift; path = ViewController.swift; sourceTree = "<group>"; };
		DFE3AD1429DAE26B0080E638 /* Assets.xcassets */ = {isa = PBXFileReference; lastKnownFileType = folder.assetcatalog; path = Assets.xcassets; sourceTree = "<group>"; };
		DFE3AD1929DAE26B0080E638 /* Info.plist */ = {isa = PBXFileReference; lastKnownFileType = text.plist.xml; path = Info.plist; sourceTree = "<group>"; };
		DFE3AD7729DAE9720080E638 /* ApiError.swift */ = {isa = PBXFileReference; fileEncoding = 4; lastKnownFileType = sourcecode.swift; path = ApiError.swift; sourceTree = "<group>"; };
		DFE3AD7829DAE9720080E638 /* APIClient.swift */ = {isa = PBXFileReference; fileEncoding = 4; lastKnownFileType = sourcecode.swift; path = APIClient.swift; sourceTree = "<group>"; };
		DFE3AD7929DAE9720080E638 /* AuthApiClient.swift */ = {isa = PBXFileReference; fileEncoding = 4; lastKnownFileType = sourcecode.swift; path = AuthApiClient.swift; sourceTree = "<group>"; };
		DFE3AD7A29DAE9720080E638 /* NetworkConstants.swift */ = {isa = PBXFileReference; fileEncoding = 4; lastKnownFileType = sourcecode.swift; path = NetworkConstants.swift; sourceTree = "<group>"; };
		DFE3ADD029DAE9C60080E638 /* AppCoordinator.swift */ = {isa = PBXFileReference; fileEncoding = 4; lastKnownFileType = sourcecode.swift; path = AppCoordinator.swift; sourceTree = "<group>"; };
		DFE3ADD229DAE9DE0080E638 /* Assembly.swift */ = {isa = PBXFileReference; fileEncoding = 4; lastKnownFileType = sourcecode.swift; path = Assembly.swift; sourceTree = "<group>"; };
		DFE3ADD529DAE9EE0080E638 /* BaseViewControlleer.swift */ = {isa = PBXFileReference; fileEncoding = 4; lastKnownFileType = sourcecode.swift; path = BaseViewControlleer.swift; sourceTree = "<group>"; };
		DFE3ADD629DAE9EE0080E638 /* BaseCoordinator.swift */ = {isa = PBXFileReference; fileEncoding = 4; lastKnownFileType = sourcecode.swift; path = BaseCoordinator.swift; sourceTree = "<group>"; };
		DFE3ADD729DAE9EF0080E638 /* FirstHomework.swift */ = {isa = PBXFileReference; fileEncoding = 4; lastKnownFileType = sourcecode.swift; path = FirstHomework.swift; sourceTree = "<group>"; };
		DFE3ADD929DAE9EF0080E638 /* AuthViewController.swift */ = {isa = PBXFileReference; fileEncoding = 4; lastKnownFileType = sourcecode.swift; path = AuthViewController.swift; sourceTree = "<group>"; };
		DFE3ADDA29DAE9EF0080E638 /* AuthDataProvider.swift */ = {isa = PBXFileReference; fileEncoding = 4; lastKnownFileType = sourcecode.swift; path = AuthDataProvider.swift; sourceTree = "<group>"; };
		DFE3ADDB29DAE9EF0080E638 /* AuthCoordinator.swift */ = {isa = PBXFileReference; fileEncoding = 4; lastKnownFileType = sourcecode.swift; path = AuthCoordinator.swift; sourceTree = "<group>"; };
		DFE3ADDC29DAE9EF0080E638 /* AuthViewData.swift */ = {isa = PBXFileReference; fileEncoding = 4; lastKnownFileType = sourcecode.swift; path = AuthViewData.swift; sourceTree = "<group>"; };
		DFE3ADDD29DAE9EF0080E638 /* AuthAssembly.swift */ = {isa = PBXFileReference; fileEncoding = 4; lastKnownFileType = sourcecode.swift; path = AuthAssembly.swift; sourceTree = "<group>"; };
		DFE3ADDF29DAE9EF0080E638 /* AuthViewImp.xib */ = {isa = PBXFileReference; fileEncoding = 4; lastKnownFileType = file.xib; path = AuthViewImp.xib; sourceTree = "<group>"; };
		DFE3ADE029DAE9EF0080E638 /* AuthView.swift */ = {isa = PBXFileReference; fileEncoding = 4; lastKnownFileType = sourcecode.swift; path = AuthView.swift; sourceTree = "<group>"; };
		DFE3ADE129DAE9F30080E638 /* ColorGenerator.swift */ = {isa = PBXFileReference; fileEncoding = 4; lastKnownFileType = sourcecode.swift; path = ColorGenerator.swift; sourceTree = "<group>"; };
		DFE3ADE229DAE9F40080E638 /* CustomButton.swift */ = {isa = PBXFileReference; fileEncoding = 4; lastKnownFileType = sourcecode.swift; path = CustomButton.swift; sourceTree = "<group>"; };
		DFE3ADF129DAE9FF0080E638 /* Location.swift */ = {isa = PBXFileReference; fileEncoding = 4; lastKnownFileType = sourcecode.swift; path = Location.swift; sourceTree = "<group>"; };
		DFE3ADF329DAE9FF0080E638 /* TokenResponce.swift */ = {isa = PBXFileReference; fileEncoding = 4; lastKnownFileType = sourcecode.swift; path = TokenResponce.swift; sourceTree = "<group>"; };
		DFE3ADF529DAEA000080E638 /* RegistrationViewData.swift */ = {isa = PBXFileReference; fileEncoding = 4; lastKnownFileType = sourcecode.swift; path = RegistrationViewData.swift; sourceTree = "<group>"; };
		DFE3ADF629DAEA000080E638 /* RegistrationView.swift */ = {isa = PBXFileReference; fileEncoding = 4; lastKnownFileType = sourcecode.swift; path = RegistrationView.swift; sourceTree = "<group>"; };
		DFE3ADF729DAEA000080E638 /* RegistrationAssembly.swift */ = {isa = PBXFileReference; fileEncoding = 4; lastKnownFileType = sourcecode.swift; path = RegistrationAssembly.swift; sourceTree = "<group>"; };
		DFE3ADF829DAEA000080E638 /* RegistrationViewController.swift */ = {isa = PBXFileReference; fileEncoding = 4; lastKnownFileType = sourcecode.swift; path = RegistrationViewController.swift; sourceTree = "<group>"; };
		DFE3ADF929DAEA000080E638 /* RegistrationDataProvider.swift */ = {isa = PBXFileReference; fileEncoding = 4; lastKnownFileType = sourcecode.swift; path = RegistrationDataProvider.swift; sourceTree = "<group>"; };
		DFE3ADFA29DAEA000080E638 /* RegistrationCoordinator.swift */ = {isa = PBXFileReference; fileEncoding = 4; lastKnownFileType = sourcecode.swift; path = RegistrationCoordinator.swift; sourceTree = "<group>"; };
		DFE3ADFC29DAEA000080E638 /* SplashCoordinator.swift */ = {isa = PBXFileReference; fileEncoding = 4; lastKnownFileType = sourcecode.swift; path = SplashCoordinator.swift; sourceTree = "<group>"; };
		DFE3ADFD29DAEA000080E638 /* SplashViewController.swift */ = {isa = PBXFileReference; fileEncoding = 4; lastKnownFileType = sourcecode.swift; path = SplashViewController.swift; sourceTree = "<group>"; };
		DFE3ADFE29DAEA000080E638 /* SplashAssembly.swift */ = {isa = PBXFileReference; fileEncoding = 4; lastKnownFileType = sourcecode.swift; path = SplashAssembly.swift; sourceTree = "<group>"; };
		DFE3ADFF29DAEA000080E638 /* SplashDataProvider.swift */ = {isa = PBXFileReference; fileEncoding = 4; lastKnownFileType = sourcecode.swift; path = SplashDataProvider.swift; sourceTree = "<group>"; };
		DFE3AE1229DEE66A0080E638 /* CharacterAssembly.swift */ = {isa = PBXFileReference; lastKnownFileType = sourcecode.swift; path = CharacterAssembly.swift; sourceTree = "<group>"; };
		DFE3AE1529DEE6990080E638 /* CharacterCoordinator.swift */ = {isa = PBXFileReference; lastKnownFileType = sourcecode.swift; path = CharacterCoordinator.swift; sourceTree = "<group>"; };
		DFE3AE1729DEE6C30080E638 /* CharacterDataProvider.swift */ = {isa = PBXFileReference; lastKnownFileType = sourcecode.swift; path = CharacterDataProvider.swift; sourceTree = "<group>"; };
		DFE3AE1929DEE6E50080E638 /* CharacterViewController.swift */ = {isa = PBXFileReference; lastKnownFileType = sourcecode.swift; path = CharacterViewController.swift; sourceTree = "<group>"; };
		DFE3AE1C29DEE9960080E638 /* LocationAssembly.swift */ = {isa = PBXFileReference; lastKnownFileType = sourcecode.swift; path = LocationAssembly.swift; sourceTree = "<group>"; };
		DFE3AE1E29DEE9C30080E638 /* LocationCoordinator.swift */ = {isa = PBXFileReference; lastKnownFileType = sourcecode.swift; path = LocationCoordinator.swift; sourceTree = "<group>"; };
		DFE3AE2029DEE9EB0080E638 /* LocationDataProvider.swift */ = {isa = PBXFileReference; lastKnownFileType = sourcecode.swift; path = LocationDataProvider.swift; sourceTree = "<group>"; };
		DFE3AE2229DEEA110080E638 /* LocationViewController.swift */ = {isa = PBXFileReference; lastKnownFileType = sourcecode.swift; path = LocationViewController.swift; sourceTree = "<group>"; };
		DFE3AE2429DEEA670080E638 /* CharacterApiClient.swift */ = {isa = PBXFileReference; lastKnownFileType = sourcecode.swift; path = CharacterApiClient.swift; sourceTree = "<group>"; };
		DFE3AE2629DEEAD20080E638 /* LocationApiClient.swift */ = {isa = PBXFileReference; lastKnownFileType = sourcecode.swift; path = LocationApiClient.swift; sourceTree = "<group>"; };
		DFE3AE2829DEEB2B0080E638 /* RegistrationApiClient.swift */ = {isa = PBXFileReference; lastKnownFileType = sourcecode.swift; path = RegistrationApiClient.swift; sourceTree = "<group>"; };
		DFE3AE2A29DEEBB00080E638 /* Character.swift */ = {isa = PBXFileReference; lastKnownFileType = sourcecode.swift; path = Character.swift; sourceTree = "<group>"; };
/* End PBXFileReference section */

/* Begin PBXFrameworksBuildPhase section */
		DFE3AD0529DAE2680080E638 /* Frameworks */ = {
			isa = PBXFrameworksBuildPhase;
			buildActionMask = 2147483647;
			files = (
			);
			runOnlyForDeploymentPostprocessing = 0;
		};
/* End PBXFrameworksBuildPhase section */

/* Begin PBXGroup section */
		DF0A62CB29E4463E0064BA9F /* Profile */ = {
			isa = PBXGroup;
			children = (
				DF0A62CC29E446560064BA9F /* ProfileCoordinator.swift */,
				DF0A62CE29E4466B0064BA9F /* ProfileViewController.swift */,
				DF0A62D029E446830064BA9F /* ProfileAssembly.swift */,
			);
			path = Profile;
			sourceTree = "<group>";
		};
		DFE3ACFF29DAE2670080E638 = {
			isa = PBXGroup;
			children = (
				DFE3AD0A29DAE2680080E638 /* iosSchool */,
				DFE3AD0929DAE2680080E638 /* Products */,
			);
			sourceTree = "<group>";
		};
		DFE3AD0929DAE2680080E638 /* Products */ = {
			isa = PBXGroup;
			children = (
				DFE3AD0829DAE2680080E638 /* iosSchool.app */,
			);
			name = Products;
			sourceTree = "<group>";
		};
		DFE3AD0A29DAE2680080E638 /* iosSchool */ = {
			isa = PBXGroup;
			children = (
				DF0A62CB29E4463E0064BA9F /* Profile */,
				DFE3AE1B29DEE7000080E638 /* Location */,
				DFE3AE1129DEE6470080E638 /* Character */,
				DFE3ADF429DAEA000080E638 /* Registration */,
				DFE3ADEF29DAE9FF0080E638 /* Responses */,
				DFE3ADFB29DAEA000080E638 /* Splash */,
				DFE3ADD829DAE9EF0080E638 /* Auth */,
				DFE3ADD429DAE9EE0080E638 /* Common */,
				DFE3AD7629DAE9720080E638 /* APIClient */,
				DFE3ADE229DAE9F40080E638 /* CustomButton.swift */,
				DFE3ADD229DAE9DE0080E638 /* Assembly.swift */,
				DFE3ADD029DAE9C60080E638 /* AppCoordinator.swift */,
				DFE3AD0B29DAE2680080E638 /* AppDelegate.swift */,
				DFE3AD0D29DAE2680080E638 /* SceneDelegate.swift */,
				DFE3AD0F29DAE2680080E638 /* ViewController.swift */,
				DFE3ADE129DAE9F30080E638 /* ColorGenerator.swift */,
				DFE3ADD729DAE9EF0080E638 /* FirstHomework.swift */,
				DFE3AD1429DAE26B0080E638 /* Assets.xcassets */,
				DFE3AD1929DAE26B0080E638 /* Info.plist */,
			);
			path = iosSchool;
			sourceTree = "<group>";
		};
		DFE3AD7629DAE9720080E638 /* APIClient */ = {
			isa = PBXGroup;
			children = (
				DFE3AD7729DAE9720080E638 /* ApiError.swift */,
				DFE3AD7829DAE9720080E638 /* APIClient.swift */,
				DFE3AD7929DAE9720080E638 /* AuthApiClient.swift */,
				DFE3AD7A29DAE9720080E638 /* NetworkConstants.swift */,
				DFE3AE2429DEEA670080E638 /* CharacterApiClient.swift */,
				DFE3AE2629DEEAD20080E638 /* LocationApiClient.swift */,
				DFE3AE2829DEEB2B0080E638 /* RegistrationApiClient.swift */,
			);
			path = APIClient;
			sourceTree = "<group>";
		};
		DFE3ADD429DAE9EE0080E638 /* Common */ = {
			isa = PBXGroup;
			children = (
				DFE3ADD529DAE9EE0080E638 /* BaseViewControlleer.swift */,
				DFE3ADD629DAE9EE0080E638 /* BaseCoordinator.swift */,
				DF0A62C729E440460064BA9F /* TabBarController.swift */,
				DF0A62C929E4410F0064BA9F /* BaseNavigationControllr.swift */,
				DF0A62D229E4499A0064BA9F /* RootTab.swift */,
			);
			path = Common;
			sourceTree = "<group>";
		};
		DFE3ADD829DAE9EF0080E638 /* Auth */ = {
			isa = PBXGroup;
			children = (
				DFE3ADD929DAE9EF0080E638 /* AuthViewController.swift */,
				DFE3ADDA29DAE9EF0080E638 /* AuthDataProvider.swift */,
				DFE3ADDB29DAE9EF0080E638 /* AuthCoordinator.swift */,
				DFE3ADDC29DAE9EF0080E638 /* AuthViewData.swift */,
				DFE3ADDD29DAE9EF0080E638 /* AuthAssembly.swift */,
				DFE3ADDE29DAE9EF0080E638 /* Subviews */,
				DFE3ADE029DAE9EF0080E638 /* AuthView.swift */,
			);
			path = Auth;
			sourceTree = "<group>";
		};
		DFE3ADDE29DAE9EF0080E638 /* Subviews */ = {
			isa = PBXGroup;
			children = (
				DFE3ADDF29DAE9EF0080E638 /* AuthViewImp.xib */,
			);
			path = Subviews;
			sourceTree = "<group>";
		};
		DFE3ADEF29DAE9FF0080E638 /* Responses */ = {
			isa = PBXGroup;
			children = (
				DFE3ADF029DAE9FF0080E638 /* Models */,
			);
			path = Responses;
			sourceTree = "<group>";
		};
		DFE3ADF029DAE9FF0080E638 /* Models */ = {
			isa = PBXGroup;
			children = (
				DFE3ADF129DAE9FF0080E638 /* Location.swift */,
				DFE3ADF329DAE9FF0080E638 /* TokenResponce.swift */,
				DFE3AE2A29DEEBB00080E638 /* Character.swift */,
			);
			path = Models;
			sourceTree = "<group>";
		};
		DFE3ADF429DAEA000080E638 /* Registration */ = {
			isa = PBXGroup;
			children = (
				DFE3ADF529DAEA000080E638 /* RegistrationViewData.swift */,
				DFE3ADF629DAEA000080E638 /* RegistrationView.swift */,
				DFE3ADF729DAEA000080E638 /* RegistrationAssembly.swift */,
				DFE3ADF829DAEA000080E638 /* RegistrationViewController.swift */,
				DFE3ADF929DAEA000080E638 /* RegistrationDataProvider.swift */,
				DFE3ADFA29DAEA000080E638 /* RegistrationCoordinator.swift */,
			);
			path = Registration;
			sourceTree = "<group>";
		};
		DFE3ADFB29DAEA000080E638 /* Splash */ = {
			isa = PBXGroup;
			children = (
				DFE3ADFC29DAEA000080E638 /* SplashCoordinator.swift */,
				DFE3ADFD29DAEA000080E638 /* SplashViewController.swift */,
				DFE3ADFE29DAEA000080E638 /* SplashAssembly.swift */,
				DFE3ADFF29DAEA000080E638 /* SplashDataProvider.swift */,
			);
			path = Splash;
			sourceTree = "<group>";
		};
		DFE3AE1129DEE6470080E638 /* Character */ = {
			isa = PBXGroup;
			children = (
				DFE3AE1229DEE66A0080E638 /* CharacterAssembly.swift */,
				DFE3AE1529DEE6990080E638 /* CharacterCoordinator.swift */,
				DFE3AE1729DEE6C30080E638 /* CharacterDataProvider.swift */,
				DFE3AE1929DEE6E50080E638 /* CharacterViewController.swift */,
			);
			path = Character;
			sourceTree = "<group>";
		};
		DFE3AE1B29DEE7000080E638 /* Location */ = {
			isa = PBXGroup;
			children = (
				DFE3AE1C29DEE9960080E638 /* LocationAssembly.swift */,
				DFE3AE1E29DEE9C30080E638 /* LocationCoordinator.swift */,
				DFE3AE2029DEE9EB0080E638 /* LocationDataProvider.swift */,
				DFE3AE2229DEEA110080E638 /* LocationViewController.swift */,
			);
			path = Location;
			sourceTree = "<group>";
		};
/* End PBXGroup section */

/* Begin PBXNativeTarget section */
		DFE3AD0729DAE2680080E638 /* iosSchool */ = {
			isa = PBXNativeTarget;
			buildConfigurationList = DFE3AD1C29DAE26B0080E638 /* Build configuration list for PBXNativeTarget "iosSchool" */;
			buildPhases = (
				DFE3AD0429DAE2680080E638 /* Sources */,
				DFE3AD0529DAE2680080E638 /* Frameworks */,
				DFE3AD0629DAE2680080E638 /* Resources */,
			);
			buildRules = (
			);
			dependencies = (
			);
			name = iosSchool;
			productName = iosSchool;
			productReference = DFE3AD0829DAE2680080E638 /* iosSchool.app */;
			productType = "com.apple.product-type.application";
		};
/* End PBXNativeTarget section */

/* Begin PBXProject section */
		DFE3AD0029DAE2670080E638 /* Project object */ = {
			isa = PBXProject;
			attributes = {
				BuildIndependentTargetsInParallel = 1;
				LastSwiftUpdateCheck = 1430;
				LastUpgradeCheck = 1430;
				TargetAttributes = {
					DFE3AD0729DAE2680080E638 = {
						CreatedOnToolsVersion = 14.3;
					};
				};
			};
			buildConfigurationList = DFE3AD0329DAE2670080E638 /* Build configuration list for PBXProject "iosSchool" */;
			compatibilityVersion = "Xcode 14.0";
			developmentRegion = en;
			hasScannedForEncodings = 0;
			knownRegions = (
				en,
				Base,
			);
			mainGroup = DFE3ACFF29DAE2670080E638;
			productRefGroup = DFE3AD0929DAE2680080E638 /* Products */;
			projectDirPath = "";
			projectRoot = "";
			targets = (
				DFE3AD0729DAE2680080E638 /* iosSchool */,
			);
		};
/* End PBXProject section */

/* Begin PBXResourcesBuildPhase section */
		DFE3AD0629DAE2680080E638 /* Resources */ = {
			isa = PBXResourcesBuildPhase;
			buildActionMask = 2147483647;
			files = (
				DFE3AD1529DAE26B0080E638 /* Assets.xcassets in Resources */,
				DFE3ADEB29DAE9F50080E638 /* AuthViewImp.xib in Resources */,
			);
			runOnlyForDeploymentPostprocessing = 0;
		};
/* End PBXResourcesBuildPhase section */

/* Begin PBXSourcesBuildPhase section */
		DFE3AD0429DAE2680080E638 /* Sources */ = {
			isa = PBXSourcesBuildPhase;
			buildActionMask = 2147483647;
			files = (
				DFE3AE2729DEEAD20080E638 /* LocationApiClient.swift in Sources */,
				DFE3AD7E29DAE9720080E638 /* NetworkConstants.swift in Sources */,
				DFE3AD1029DAE2680080E638 /* ViewController.swift in Sources */,
				DF0A62C829E440460064BA9F /* TabBarController.swift in Sources */,
				DFE3AD7B29DAE9720080E638 /* ApiError.swift in Sources */,
				DFE3AD0C29DAE2680080E638 /* AppDelegate.swift in Sources */,
				DF0A62CF29E4466B0064BA9F /* ProfileViewController.swift in Sources */,
				DFE3ADEE29DAE9F50080E638 /* CustomButton.swift in Sources */,
				DFE3ADE929DAE9F50080E638 /* AuthViewData.swift in Sources */,
				DFE3ADEA29DAE9F50080E638 /* AuthAssembly.swift in Sources */,
				DFE3ADD329DAE9DF0080E638 /* Assembly.swift in Sources */,
				DF0A62CA29E4410F0064BA9F /* BaseNavigationControllr.swift in Sources */,
				DFE3AE1329DEE66A0080E638 /* CharacterAssembly.swift in Sources */,
				DFE3AE0929DAEA010080E638 /* SplashCoordinator.swift in Sources */,
				DFE3AE1A29DEE6E50080E638 /* CharacterViewController.swift in Sources */,
				DFE3AE0729DAEA010080E638 /* RegistrationDataProvider.swift in Sources */,
				DFE3AE2929DEEB2B0080E638 /* RegistrationApiClient.swift in Sources */,
				DFE3AE1629DEE6990080E638 /* CharacterCoordinator.swift in Sources */,
				DFE3ADE329DAE9F50080E638 /* BaseViewControlleer.swift in Sources */,
				DF0A62D329E4499B0064BA9F /* RootTab.swift in Sources */,
				DFE3ADEC29DAE9F50080E638 /* AuthView.swift in Sources */,
				DFE3ADE729DAE9F50080E638 /* AuthDataProvider.swift in Sources */,
				DFE3AE0829DAEA010080E638 /* RegistrationCoordinator.swift in Sources */,
				DFE3AE0629DAEA010080E638 /* RegistrationViewController.swift in Sources */,
				DFE3ADE529DAE9F50080E638 /* FirstHomework.swift in Sources */,
				DFE3AE0329DAEA010080E638 /* RegistrationViewData.swift in Sources */,
				DFE3AE0429DAEA010080E638 /* RegistrationView.swift in Sources */,
				DFE3ADED29DAE9F50080E638 /* ColorGenerator.swift in Sources */,
				DFE3AE0C29DAEA010080E638 /* SplashDataProvider.swift in Sources */,
				DF0A62CD29E446560064BA9F /* ProfileCoordinator.swift in Sources */,
				DFE3AE1D29DEE9960080E638 /* LocationAssembly.swift in Sources */,
				DFE3AE0029DAEA010080E638 /* Location.swift in Sources */,
				DFE3AE1829DEE6C30080E638 /* CharacterDataProvider.swift in Sources */,
				DFE3AE0229DAEA010080E638 /* TokenResponce.swift in Sources */,
				DFE3ADD129DAE9C70080E638 /* AppCoordinator.swift in Sources */,
				DFE3AE1F29DEE9C30080E638 /* LocationCoordinator.swift in Sources */,
				DFE3ADE629DAE9F50080E638 /* AuthViewController.swift in Sources */,
				DFE3ADE829DAE9F50080E638 /* AuthCoordinator.swift in Sources */,
				DFE3AE2329DEEA110080E638 /* LocationViewController.swift in Sources */,
				DF0A62D129E446830064BA9F /* ProfileAssembly.swift in Sources */,
				DFE3AD7D29DAE9720080E638 /* AuthApiClient.swift in Sources */,
				DFE3AE2B29DEEBB00080E638 /* Character.swift in Sources */,
				DFE3AE0B29DAEA010080E638 /* SplashAssembly.swift in Sources */,
				DFE3AE0A29DAEA010080E638 /* SplashViewController.swift in Sources */,
				DFE3AE2129DEE9EB0080E638 /* LocationDataProvider.swift in Sources */,
				DFE3AE2529DEEA670080E638 /* CharacterApiClient.swift in Sources */,
				DFE3AE0529DAEA010080E638 /* RegistrationAssembly.swift in Sources */,
				DFE3AD7C29DAE9720080E638 /* APIClient.swift in Sources */,
				DFE3ADE429DAE9F50080E638 /* BaseCoordinator.swift in Sources */,
				DFE3AD0E29DAE2680080E638 /* SceneDelegate.swift in Sources */,
			);
			runOnlyForDeploymentPostprocessing = 0;
		};
/* End PBXSourcesBuildPhase section */

/* Begin XCBuildConfiguration section */
		DFE3AD1A29DAE26B0080E638 /* Debug */ = {
			isa = XCBuildConfiguration;
			buildSettings = {
				ALWAYS_SEARCH_USER_PATHS = NO;
				CLANG_ANALYZER_NONNULL = YES;
				CLANG_ANALYZER_NUMBER_OBJECT_CONVERSION = YES_AGGRESSIVE;
				CLANG_CXX_LANGUAGE_STANDARD = "gnu++20";
				CLANG_ENABLE_MODULES = YES;
				CLANG_ENABLE_OBJC_ARC = YES;
				CLANG_ENABLE_OBJC_WEAK = YES;
				CLANG_WARN_BLOCK_CAPTURE_AUTORELEASING = YES;
				CLANG_WARN_BOOL_CONVERSION = YES;
				CLANG_WARN_COMMA = YES;
				CLANG_WARN_CONSTANT_CONVERSION = YES;
				CLANG_WARN_DEPRECATED_OBJC_IMPLEMENTATIONS = YES;
				CLANG_WARN_DIRECT_OBJC_ISA_USAGE = YES_ERROR;
				CLANG_WARN_DOCUMENTATION_COMMENTS = YES;
				CLANG_WARN_EMPTY_BODY = YES;
				CLANG_WARN_ENUM_CONVERSION = YES;
				CLANG_WARN_INFINITE_RECURSION = YES;
				CLANG_WARN_INT_CONVERSION = YES;
				CLANG_WARN_NON_LITERAL_NULL_CONVERSION = YES;
				CLANG_WARN_OBJC_IMPLICIT_RETAIN_SELF = YES;
				CLANG_WARN_OBJC_LITERAL_CONVERSION = YES;
				CLANG_WARN_OBJC_ROOT_CLASS = YES_ERROR;
				CLANG_WARN_QUOTED_INCLUDE_IN_FRAMEWORK_HEADER = YES;
				CLANG_WARN_RANGE_LOOP_ANALYSIS = YES;
				CLANG_WARN_STRICT_PROTOTYPES = YES;
				CLANG_WARN_SUSPICIOUS_MOVE = YES;
				CLANG_WARN_UNGUARDED_AVAILABILITY = YES_AGGRESSIVE;
				CLANG_WARN_UNREACHABLE_CODE = YES;
				CLANG_WARN__DUPLICATE_METHOD_MATCH = YES;
				COPY_PHASE_STRIP = NO;
				DEBUG_INFORMATION_FORMAT = dwarf;
				ENABLE_STRICT_OBJC_MSGSEND = YES;
				ENABLE_TESTABILITY = YES;
				GCC_C_LANGUAGE_STANDARD = gnu11;
				GCC_DYNAMIC_NO_PIC = NO;
				GCC_NO_COMMON_BLOCKS = YES;
				GCC_OPTIMIZATION_LEVEL = 0;
				GCC_PREPROCESSOR_DEFINITIONS = (
					"DEBUG=1",
					"$(inherited)",
				);
				GCC_WARN_64_TO_32_BIT_CONVERSION = YES;
				GCC_WARN_ABOUT_RETURN_TYPE = YES_ERROR;
				GCC_WARN_UNDECLARED_SELECTOR = YES;
				GCC_WARN_UNINITIALIZED_AUTOS = YES_AGGRESSIVE;
				GCC_WARN_UNUSED_FUNCTION = YES;
				GCC_WARN_UNUSED_VARIABLE = YES;
				IPHONEOS_DEPLOYMENT_TARGET = 16.4;
				MTL_ENABLE_DEBUG_INFO = INCLUDE_SOURCE;
				MTL_FAST_MATH = YES;
				ONLY_ACTIVE_ARCH = YES;
				SDKROOT = iphoneos;
				SWIFT_ACTIVE_COMPILATION_CONDITIONS = DEBUG;
				SWIFT_OPTIMIZATION_LEVEL = "-Onone";
			};
			name = Debug;
		};
		DFE3AD1B29DAE26B0080E638 /* Release */ = {
			isa = XCBuildConfiguration;
			buildSettings = {
				ALWAYS_SEARCH_USER_PATHS = NO;
				CLANG_ANALYZER_NONNULL = YES;
				CLANG_ANALYZER_NUMBER_OBJECT_CONVERSION = YES_AGGRESSIVE;
				CLANG_CXX_LANGUAGE_STANDARD = "gnu++20";
				CLANG_ENABLE_MODULES = YES;
				CLANG_ENABLE_OBJC_ARC = YES;
				CLANG_ENABLE_OBJC_WEAK = YES;
				CLANG_WARN_BLOCK_CAPTURE_AUTORELEASING = YES;
				CLANG_WARN_BOOL_CONVERSION = YES;
				CLANG_WARN_COMMA = YES;
				CLANG_WARN_CONSTANT_CONVERSION = YES;
				CLANG_WARN_DEPRECATED_OBJC_IMPLEMENTATIONS = YES;
				CLANG_WARN_DIRECT_OBJC_ISA_USAGE = YES_ERROR;
				CLANG_WARN_DOCUMENTATION_COMMENTS = YES;
				CLANG_WARN_EMPTY_BODY = YES;
				CLANG_WARN_ENUM_CONVERSION = YES;
				CLANG_WARN_INFINITE_RECURSION = YES;
				CLANG_WARN_INT_CONVERSION = YES;
				CLANG_WARN_NON_LITERAL_NULL_CONVERSION = YES;
				CLANG_WARN_OBJC_IMPLICIT_RETAIN_SELF = YES;
				CLANG_WARN_OBJC_LITERAL_CONVERSION = YES;
				CLANG_WARN_OBJC_ROOT_CLASS = YES_ERROR;
				CLANG_WARN_QUOTED_INCLUDE_IN_FRAMEWORK_HEADER = YES;
				CLANG_WARN_RANGE_LOOP_ANALYSIS = YES;
				CLANG_WARN_STRICT_PROTOTYPES = YES;
				CLANG_WARN_SUSPICIOUS_MOVE = YES;
				CLANG_WARN_UNGUARDED_AVAILABILITY = YES_AGGRESSIVE;
				CLANG_WARN_UNREACHABLE_CODE = YES;
				CLANG_WARN__DUPLICATE_METHOD_MATCH = YES;
				COPY_PHASE_STRIP = NO;
				DEBUG_INFORMATION_FORMAT = "dwarf-with-dsym";
				ENABLE_NS_ASSERTIONS = NO;
				ENABLE_STRICT_OBJC_MSGSEND = YES;
				GCC_C_LANGUAGE_STANDARD = gnu11;
				GCC_NO_COMMON_BLOCKS = YES;
				GCC_WARN_64_TO_32_BIT_CONVERSION = YES;
				GCC_WARN_ABOUT_RETURN_TYPE = YES_ERROR;
				GCC_WARN_UNDECLARED_SELECTOR = YES;
				GCC_WARN_UNINITIALIZED_AUTOS = YES_AGGRESSIVE;
				GCC_WARN_UNUSED_FUNCTION = YES;
				GCC_WARN_UNUSED_VARIABLE = YES;
				IPHONEOS_DEPLOYMENT_TARGET = 16.4;
				MTL_ENABLE_DEBUG_INFO = NO;
				MTL_FAST_MATH = YES;
				SDKROOT = iphoneos;
				SWIFT_COMPILATION_MODE = wholemodule;
				SWIFT_OPTIMIZATION_LEVEL = "-O";
				VALIDATE_PRODUCT = YES;
			};
			name = Release;
		};
		DFE3AD1D29DAE26B0080E638 /* Debug */ = {
			isa = XCBuildConfiguration;
			buildSettings = {
				ASSETCATALOG_COMPILER_APPICON_NAME = AppIcon;
				ASSETCATALOG_COMPILER_GLOBAL_ACCENT_COLOR_NAME = AccentColor;
				CODE_SIGN_STYLE = Automatic;
				CURRENT_PROJECT_VERSION = 1;
				GENERATE_INFOPLIST_FILE = YES;
				INFOPLIST_FILE = iosSchool/Info.plist;
				INFOPLIST_KEY_UIApplicationSupportsIndirectInputEvents = YES;
				INFOPLIST_KEY_UILaunchStoryboardName = LaunchScreen;
				INFOPLIST_KEY_UISupportedInterfaceOrientations_iPad = "UIInterfaceOrientationPortrait UIInterfaceOrientationPortraitUpsideDown UIInterfaceOrientationLandscapeLeft UIInterfaceOrientationLandscapeRight";
				INFOPLIST_KEY_UISupportedInterfaceOrientations_iPhone = "UIInterfaceOrientationPortrait UIInterfaceOrientationLandscapeLeft UIInterfaceOrientationLandscapeRight";
				LD_RUNPATH_SEARCH_PATHS = (
					"$(inherited)",
					"@executable_path/Frameworks",
				);
				MARKETING_VERSION = 1.0;
				PRODUCT_BUNDLE_IDENTIFIER = Naloeva.iosSchool;
				PRODUCT_NAME = "$(TARGET_NAME)";
				SWIFT_EMIT_LOC_STRINGS = YES;
				SWIFT_VERSION = 5.0;
				TARGETED_DEVICE_FAMILY = "1,2";
			};
			name = Debug;
		};
		DFE3AD1E29DAE26B0080E638 /* Release */ = {
			isa = XCBuildConfiguration;
			buildSettings = {
				ASSETCATALOG_COMPILER_APPICON_NAME = AppIcon;
				ASSETCATALOG_COMPILER_GLOBAL_ACCENT_COLOR_NAME = AccentColor;
				CODE_SIGN_STYLE = Automatic;
				CURRENT_PROJECT_VERSION = 1;
				GENERATE_INFOPLIST_FILE = YES;
				INFOPLIST_FILE = iosSchool/Info.plist;
				INFOPLIST_KEY_UIApplicationSupportsIndirectInputEvents = YES;
				INFOPLIST_KEY_UILaunchStoryboardName = LaunchScreen;
				INFOPLIST_KEY_UISupportedInterfaceOrientations_iPad = "UIInterfaceOrientationPortrait UIInterfaceOrientationPortraitUpsideDown UIInterfaceOrientationLandscapeLeft UIInterfaceOrientationLandscapeRight";
				INFOPLIST_KEY_UISupportedInterfaceOrientations_iPhone = "UIInterfaceOrientationPortrait UIInterfaceOrientationLandscapeLeft UIInterfaceOrientationLandscapeRight";
				LD_RUNPATH_SEARCH_PATHS = (
					"$(inherited)",
					"@executable_path/Frameworks",
				);
				MARKETING_VERSION = 1.0;
				PRODUCT_BUNDLE_IDENTIFIER = Naloeva.iosSchool;
				PRODUCT_NAME = "$(TARGET_NAME)";
				SWIFT_EMIT_LOC_STRINGS = YES;
				SWIFT_VERSION = 5.0;
				TARGETED_DEVICE_FAMILY = "1,2";
			};
			name = Release;
		};
/* End XCBuildConfiguration section */

/* Begin XCConfigurationList section */
		DFE3AD0329DAE2670080E638 /* Build configuration list for PBXProject "iosSchool" */ = {
			isa = XCConfigurationList;
			buildConfigurations = (
				DFE3AD1A29DAE26B0080E638 /* Debug */,
				DFE3AD1B29DAE26B0080E638 /* Release */,
			);
			defaultConfigurationIsVisible = 0;
			defaultConfigurationName = Release;
		};
		DFE3AD1C29DAE26B0080E638 /* Build configuration list for PBXNativeTarget "iosSchool" */ = {
			isa = XCConfigurationList;
			buildConfigurations = (
				DFE3AD1D29DAE26B0080E638 /* Debug */,
				DFE3AD1E29DAE26B0080E638 /* Release */,
			);
			defaultConfigurationIsVisible = 0;
			defaultConfigurationName = Release;
		};
/* End XCConfigurationList section */
	};
	rootObject = DFE3AD0029DAE2670080E638 /* Project object */;
}
