// !$*UTF8*$!
{
	archiveVersion = 1;
	classes = {
	};
	objectVersion = 56;
	objects = {

/* Begin PBXBuildFile section */
		DF38C44F29D1BFBF003903A0 /* Location.swift in Sources */ = {isa = PBXBuildFile; fileRef = DF38C44E29D1BFBF003903A0 /* Location.swift */; };
		DF38C45329D1C319003903A0 /* TokenResponce.swift in Sources */ = {isa = PBXBuildFile; fileRef = DF38C45229D1C319003903A0 /* TokenResponce.swift */; };
		DF38C45629D1C51C003903A0 /* APIClient.swift in Sources */ = {isa = PBXBuildFile; fileRef = DF38C45529D1C51C003903A0 /* APIClient.swift */; };
		DF38C45829D1C57D003903A0 /* NetworkConstants.swift in Sources */ = {isa = PBXBuildFile; fileRef = DF38C45729D1C57D003903A0 /* NetworkConstants.swift */; };
		DF38C45A29D1CC2F003903A0 /* AuthApiClient.swift in Sources */ = {isa = PBXBuildFile; fileRef = DF38C45929D1CC2F003903A0 /* AuthApiClient.swift */; };
		DF38C45C29D1D3A8003903A0 /* ApiError.swift in Sources */ = {isa = PBXBuildFile; fileRef = DF38C45B29D1D3A8003903A0 /* ApiError.swift */; };
		DF38C4BD29D6C755003903A0 /* RegistrationViewData.swift in Sources */ = {isa = PBXBuildFile; fileRef = DF38C4B729D6C755003903A0 /* RegistrationViewData.swift */; };
		DF38C4BE29D6C755003903A0 /* RegistrationView.swift in Sources */ = {isa = PBXBuildFile; fileRef = DF38C4B829D6C755003903A0 /* RegistrationView.swift */; };
		DF38C4BF29D6C755003903A0 /* RegistrationAssembly.swift in Sources */ = {isa = PBXBuildFile; fileRef = DF38C4B929D6C755003903A0 /* RegistrationAssembly.swift */; };
		DF38C4C029D6C755003903A0 /* RegistrationViewController.swift in Sources */ = {isa = PBXBuildFile; fileRef = DF38C4BA29D6C755003903A0 /* RegistrationViewController.swift */; };
		DF38C4C129D6C755003903A0 /* RegistrationDataProveder.swift in Sources */ = {isa = PBXBuildFile; fileRef = DF38C4BB29D6C755003903A0 /* RegistrationDataProveder.swift */; };
		DF38C4C229D6C755003903A0 /* RegistrationCoordinator.swift in Sources */ = {isa = PBXBuildFile; fileRef = DF38C4BC29D6C755003903A0 /* RegistrationCoordinator.swift */; };
		DF38C4D429D7078B003903A0 /* AuthViewImp.xib in Resources */ = {isa = PBXBuildFile; fileRef = DF38C4D329D7078B003903A0 /* AuthViewImp.xib */; };
		DF38C4D729D718C6003903A0 /* BaseViewControlleer.swift in Sources */ = {isa = PBXBuildFile; fileRef = DF38C4D629D718C6003903A0 /* BaseViewControlleer.swift */; };
		DF38C4D929D71EF2003903A0 /* CustomButton.swift in Sources */ = {isa = PBXBuildFile; fileRef = DF38C4D829D71EF2003903A0 /* CustomButton.swift */; };
		DF8D4C6429C8909B009B09A3 /* BaseCoordinator.swift in Sources */ = {isa = PBXBuildFile; fileRef = DF8D4C6329C8909B009B09A3 /* BaseCoordinator.swift */; };
		DF8D4C6629C891C7009B09A3 /* AppCoordinator.swift in Sources */ = {isa = PBXBuildFile; fileRef = DF8D4C6529C891C7009B09A3 /* AppCoordinator.swift */; };
		DF8D4C6929CC25A6009B09A3 /* Assembly.swift in Sources */ = {isa = PBXBuildFile; fileRef = DF8D4C6829CC25A6009B09A3 /* Assembly.swift */; };
		DF8D4C6B29CC27BF009B09A3 /* AuthDataProvider.swift in Sources */ = {isa = PBXBuildFile; fileRef = DF8D4C6A29CC27BF009B09A3 /* AuthDataProvider.swift */; };
		DF8D4C6D29CC2822009B09A3 /* AuthViewController.swift in Sources */ = {isa = PBXBuildFile; fileRef = DF8D4C6C29CC2822009B09A3 /* AuthViewController.swift */; };
		DF8D4C6F29CC2958009B09A3 /* AuthAssembly.swift in Sources */ = {isa = PBXBuildFile; fileRef = DF8D4C6E29CC2958009B09A3 /* AuthAssembly.swift */; };
		DF8D4C7129CC2A4E009B09A3 /* AuthCoordinator.swift in Sources */ = {isa = PBXBuildFile; fileRef = DF8D4C7029CC2A4E009B09A3 /* AuthCoordinator.swift */; };
		DF8D4C7329CC2B8A009B09A3 /* AuthView.swift in Sources */ = {isa = PBXBuildFile; fileRef = DF8D4C7229CC2B8A009B09A3 /* AuthView.swift */; };
		DF8D4C7529CC2BFF009B09A3 /* AuthViewData.swift in Sources */ = {isa = PBXBuildFile; fileRef = DF8D4C7429CC2BFF009B09A3 /* AuthViewData.swift */; };
		DF8D4C7829CC2CEE009B09A3 /* SplashViewController.swift in Sources */ = {isa = PBXBuildFile; fileRef = DF8D4C7729CC2CEE009B09A3 /* SplashViewController.swift */; };
		DF8D4C7A29CC2DF3009B09A3 /* SplashDataProvider.swift in Sources */ = {isa = PBXBuildFile; fileRef = DF8D4C7929CC2DF3009B09A3 /* SplashDataProvider.swift */; };
		DF8D4C7C29CC2EAF009B09A3 /* SplashAssembly.swift in Sources */ = {isa = PBXBuildFile; fileRef = DF8D4C7B29CC2EAF009B09A3 /* SplashAssembly.swift */; };
		DF8D4C7E29CC2FBC009B09A3 /* SplashCoordinator.swift in Sources */ = {isa = PBXBuildFile; fileRef = DF8D4C7D29CC2FBC009B09A3 /* SplashCoordinator.swift */; };
		DF9B0FDD29BF4D2F000DF65B /* AppDelegate.swift in Sources */ = {isa = PBXBuildFile; fileRef = DF9B0FDC29BF4D2F000DF65B /* AppDelegate.swift */; };
		DF9B0FDF29BF4D2F000DF65B /* SceneDelegate.swift in Sources */ = {isa = PBXBuildFile; fileRef = DF9B0FDE29BF4D2F000DF65B /* SceneDelegate.swift */; };
		DF9B0FE129BF4D2F000DF65B /* ViewController.swift in Sources */ = {isa = PBXBuildFile; fileRef = DF9B0FE029BF4D2F000DF65B /* ViewController.swift */; };
		DF9B0FE629BF4D31000DF65B /* Assets.xcassets in Resources */ = {isa = PBXBuildFile; fileRef = DF9B0FE529BF4D31000DF65B /* Assets.xcassets */; };
		DF9B0FF129BF58AE000DF65B /* ColorGenerator.swift in Sources */ = {isa = PBXBuildFile; fileRef = DF9B0FF029BF58AE000DF65B /* ColorGenerator.swift */; };
/* End PBXBuildFile section */

/* Begin PBXFileReference section */
		DF38C44E29D1BFBF003903A0 /* Location.swift */ = {isa = PBXFileReference; lastKnownFileType = sourcecode.swift; path = Location.swift; sourceTree = "<group>"; };
		DF38C45229D1C319003903A0 /* TokenResponce.swift */ = {isa = PBXFileReference; lastKnownFileType = sourcecode.swift; path = TokenResponce.swift; sourceTree = "<group>"; };
		DF38C45529D1C51C003903A0 /* APIClient.swift */ = {isa = PBXFileReference; lastKnownFileType = sourcecode.swift; path = APIClient.swift; sourceTree = "<group>"; };
		DF38C45729D1C57D003903A0 /* NetworkConstants.swift */ = {isa = PBXFileReference; lastKnownFileType = sourcecode.swift; path = NetworkConstants.swift; sourceTree = "<group>"; };
		DF38C45929D1CC2F003903A0 /* AuthApiClient.swift */ = {isa = PBXFileReference; lastKnownFileType = sourcecode.swift; path = AuthApiClient.swift; sourceTree = "<group>"; };
		DF38C45B29D1D3A8003903A0 /* ApiError.swift */ = {isa = PBXFileReference; lastKnownFileType = sourcecode.swift; path = ApiError.swift; sourceTree = "<group>"; };
		DF38C4B729D6C755003903A0 /* RegistrationViewData.swift */ = {isa = PBXFileReference; fileEncoding = 4; lastKnownFileType = sourcecode.swift; path = RegistrationViewData.swift; sourceTree = "<group>"; };
		DF38C4B829D6C755003903A0 /* RegistrationView.swift */ = {isa = PBXFileReference; fileEncoding = 4; lastKnownFileType = sourcecode.swift; path = RegistrationView.swift; sourceTree = "<group>"; };
		DF38C4B929D6C755003903A0 /* RegistrationAssembly.swift */ = {isa = PBXFileReference; fileEncoding = 4; lastKnownFileType = sourcecode.swift; path = RegistrationAssembly.swift; sourceTree = "<group>"; };
		DF38C4BA29D6C755003903A0 /* RegistrationViewController.swift */ = {isa = PBXFileReference; fileEncoding = 4; lastKnownFileType = sourcecode.swift; path = RegistrationViewController.swift; sourceTree = "<group>"; };
		DF38C4BB29D6C755003903A0 /* RegistrationDataProveder.swift */ = {isa = PBXFileReference; fileEncoding = 4; lastKnownFileType = sourcecode.swift; path = RegistrationDataProveder.swift; sourceTree = "<group>"; };
		DF38C4BC29D6C755003903A0 /* RegistrationCoordinator.swift */ = {isa = PBXFileReference; fileEncoding = 4; lastKnownFileType = sourcecode.swift; path = RegistrationCoordinator.swift; sourceTree = "<group>"; };
		DF38C4D329D7078B003903A0 /* AuthViewImp.xib */ = {isa = PBXFileReference; lastKnownFileType = file.xib; path = AuthViewImp.xib; sourceTree = "<group>"; };
		DF38C4D629D718C6003903A0 /* BaseViewControlleer.swift */ = {isa = PBXFileReference; lastKnownFileType = sourcecode.swift; path = BaseViewControlleer.swift; sourceTree = "<group>"; };
		DF38C4D829D71EF2003903A0 /* CustomButton.swift */ = {isa = PBXFileReference; lastKnownFileType = sourcecode.swift; path = CustomButton.swift; sourceTree = "<group>"; };
		DF8D4C6329C8909B009B09A3 /* BaseCoordinator.swift */ = {isa = PBXFileReference; lastKnownFileType = sourcecode.swift; path = BaseCoordinator.swift; sourceTree = "<group>"; };
		DF8D4C6529C891C7009B09A3 /* AppCoordinator.swift */ = {isa = PBXFileReference; lastKnownFileType = sourcecode.swift; path = AppCoordinator.swift; sourceTree = "<group>"; };
		DF8D4C6829CC25A6009B09A3 /* Assembly.swift */ = {isa = PBXFileReference; lastKnownFileType = sourcecode.swift; path = Assembly.swift; sourceTree = "<group>"; };
		DF8D4C6A29CC27BF009B09A3 /* AuthDataProvider.swift */ = {isa = PBXFileReference; lastKnownFileType = sourcecode.swift; path = AuthDataProvider.swift; sourceTree = "<group>"; };
		DF8D4C6C29CC2822009B09A3 /* AuthViewController.swift */ = {isa = PBXFileReference; lastKnownFileType = sourcecode.swift; path = AuthViewController.swift; sourceTree = "<group>"; };
		DF8D4C6E29CC2958009B09A3 /* AuthAssembly.swift */ = {isa = PBXFileReference; lastKnownFileType = sourcecode.swift; path = AuthAssembly.swift; sourceTree = "<group>"; };
		DF8D4C7029CC2A4E009B09A3 /* AuthCoordinator.swift */ = {isa = PBXFileReference; lastKnownFileType = sourcecode.swift; path = AuthCoordinator.swift; sourceTree = "<group>"; };
		DF8D4C7229CC2B8A009B09A3 /* AuthView.swift */ = {isa = PBXFileReference; lastKnownFileType = sourcecode.swift; path = AuthView.swift; sourceTree = "<group>"; };
		DF8D4C7429CC2BFF009B09A3 /* AuthViewData.swift */ = {isa = PBXFileReference; lastKnownFileType = sourcecode.swift; path = AuthViewData.swift; sourceTree = "<group>"; };
		DF8D4C7729CC2CEE009B09A3 /* SplashViewController.swift */ = {isa = PBXFileReference; lastKnownFileType = sourcecode.swift; path = SplashViewController.swift; sourceTree = "<group>"; };
		DF8D4C7929CC2DF3009B09A3 /* SplashDataProvider.swift */ = {isa = PBXFileReference; lastKnownFileType = sourcecode.swift; path = SplashDataProvider.swift; sourceTree = "<group>"; };
		DF8D4C7B29CC2EAF009B09A3 /* SplashAssembly.swift */ = {isa = PBXFileReference; lastKnownFileType = sourcecode.swift; path = SplashAssembly.swift; sourceTree = "<group>"; };
		DF8D4C7D29CC2FBC009B09A3 /* SplashCoordinator.swift */ = {isa = PBXFileReference; lastKnownFileType = sourcecode.swift; path = SplashCoordinator.swift; sourceTree = "<group>"; };
		DF9B0FD929BF4D2F000DF65B /* iosSchool.app */ = {isa = PBXFileReference; explicitFileType = wrapper.application; includeInIndex = 0; path = iosSchool.app; sourceTree = BUILT_PRODUCTS_DIR; };
		DF9B0FDC29BF4D2F000DF65B /* AppDelegate.swift */ = {isa = PBXFileReference; lastKnownFileType = sourcecode.swift; path = AppDelegate.swift; sourceTree = "<group>"; };
		DF9B0FDE29BF4D2F000DF65B /* SceneDelegate.swift */ = {isa = PBXFileReference; lastKnownFileType = sourcecode.swift; path = SceneDelegate.swift; sourceTree = "<group>"; };
		DF9B0FE029BF4D2F000DF65B /* ViewController.swift */ = {isa = PBXFileReference; lastKnownFileType = sourcecode.swift; path = ViewController.swift; sourceTree = "<group>"; };
		DF9B0FE529BF4D31000DF65B /* Assets.xcassets */ = {isa = PBXFileReference; lastKnownFileType = folder.assetcatalog; path = Assets.xcassets; sourceTree = "<group>"; };
		DF9B0FEA29BF4D31000DF65B /* Info.plist */ = {isa = PBXFileReference; lastKnownFileType = text.plist.xml; path = Info.plist; sourceTree = "<group>"; };
		DF9B0FF029BF58AE000DF65B /* ColorGenerator.swift */ = {isa = PBXFileReference; lastKnownFileType = sourcecode.swift; path = ColorGenerator.swift; sourceTree = "<group>"; };
/* End PBXFileReference section */

/* Begin PBXFrameworksBuildPhase section */
		DF9B0FD629BF4D2F000DF65B /* Frameworks */ = {
			isa = PBXFrameworksBuildPhase;
			buildActionMask = 2147483647;
			files = (
			);
			runOnlyForDeploymentPostprocessing = 0;
		};
/* End PBXFrameworksBuildPhase section */

/* Begin PBXGroup section */
		DF38C44C29D1BEA7003903A0 /* Responses */ = {
			isa = PBXGroup;
			children = (
				DF38C44D29D1BEB7003903A0 /* Models */,
			);
			path = Responses;
			sourceTree = "<group>";
		};
		DF38C44D29D1BEB7003903A0 /* Models */ = {
			isa = PBXGroup;
			children = (
				DF38C44E29D1BFBF003903A0 /* Location.swift */,
				DF38C45229D1C319003903A0 /* TokenResponce.swift */,
			);
			path = Models;
			sourceTree = "<group>";
		};
		DF38C45429D1C500003903A0 /* APIClient */ = {
			isa = PBXGroup;
			children = (
				DF38C45529D1C51C003903A0 /* APIClient.swift */,
				DF38C45729D1C57D003903A0 /* NetworkConstants.swift */,
				DF38C45929D1CC2F003903A0 /* AuthApiClient.swift */,
				DF38C45B29D1D3A8003903A0 /* ApiError.swift */,
			);
			path = APIClient;
			sourceTree = "<group>";
		};
		DF38C4B629D6C755003903A0 /* Registration */ = {
			isa = PBXGroup;
			children = (
				DF38C4B729D6C755003903A0 /* RegistrationViewData.swift */,
				DF38C4B829D6C755003903A0 /* RegistrationView.swift */,
				DF38C4B929D6C755003903A0 /* RegistrationAssembly.swift */,
				DF38C4BA29D6C755003903A0 /* RegistrationViewController.swift */,
				DF38C4BB29D6C755003903A0 /* RegistrationDataProveder.swift */,
				DF38C4BC29D6C755003903A0 /* RegistrationCoordinator.swift */,
			);
			path = Registration;
			sourceTree = "<group>";
		};
		DF38C4D229D70756003903A0 /* Subviews */ = {
			isa = PBXGroup;
			children = (
				DF38C4D329D7078B003903A0 /* AuthViewImp.xib */,
			);
			path = Subviews;
			sourceTree = "<group>";
		};
		DF38C4D529D718A7003903A0 /* Common */ = {
			isa = PBXGroup;
			children = (
				DF8D4C6329C8909B009B09A3 /* BaseCoordinator.swift */,
				DF38C4D629D718C6003903A0 /* BaseViewControlleer.swift */,
			);
			path = Common;
			sourceTree = "<group>";
		};
		DF8D4C6729C897A5009B09A3 /* Auth */ = {
			isa = PBXGroup;
			children = (
				DF38C4D229D70756003903A0 /* Subviews */,
				DF8D4C6A29CC27BF009B09A3 /* AuthDataProvider.swift */,
				DF8D4C6C29CC2822009B09A3 /* AuthViewController.swift */,
				DF8D4C6E29CC2958009B09A3 /* AuthAssembly.swift */,
				DF8D4C7029CC2A4E009B09A3 /* AuthCoordinator.swift */,
				DF8D4C7229CC2B8A009B09A3 /* AuthView.swift */,
				DF8D4C7429CC2BFF009B09A3 /* AuthViewData.swift */,
			);
			path = Auth;
			sourceTree = "<group>";
		};
		DF8D4C7629CC2CD2009B09A3 /* Splash */ = {
			isa = PBXGroup;
			children = (
				DF8D4C7729CC2CEE009B09A3 /* SplashViewController.swift */,
				DF8D4C7929CC2DF3009B09A3 /* SplashDataProvider.swift */,
				DF8D4C7B29CC2EAF009B09A3 /* SplashAssembly.swift */,
				DF8D4C7D29CC2FBC009B09A3 /* SplashCoordinator.swift */,
			);
			path = Splash;
			sourceTree = "<group>";
		};
		DF9B0FD029BF4D2F000DF65B = {
			isa = PBXGroup;
			children = (
				DF9B0FDB29BF4D2F000DF65B /* iosSchool */,
				DF9B0FDA29BF4D2F000DF65B /* Products */,
			);
			sourceTree = "<group>";
		};
		DF9B0FDA29BF4D2F000DF65B /* Products */ = {
			isa = PBXGroup;
			children = (
				DF9B0FD929BF4D2F000DF65B /* iosSchool.app */,
			);
			name = Products;
			sourceTree = "<group>";
		};
		DF9B0FDB29BF4D2F000DF65B /* iosSchool */ = {
			isa = PBXGroup;
			children = (
				DF38C4D529D718A7003903A0 /* Common */,
				DF38C4B629D6C755003903A0 /* Registration */,
				DF38C45429D1C500003903A0 /* APIClient */,
				DF38C44C29D1BEA7003903A0 /* Responses */,
				DF8D4C7629CC2CD2009B09A3 /* Splash */,
				DF8D4C6729C897A5009B09A3 /* Auth */,
				DF9B0FDC29BF4D2F000DF65B /* AppDelegate.swift */,
				DF8D4C6829CC25A6009B09A3 /* Assembly.swift */,
				DF9B0FF029BF58AE000DF65B /* ColorGenerator.swift */,
				DF9B0FDE29BF4D2F000DF65B /* SceneDelegate.swift */,
				DF9B0FE029BF4D2F000DF65B /* ViewController.swift */,
				DF8D4C6529C891C7009B09A3 /* AppCoordinator.swift */,
				DF9B0FE529BF4D31000DF65B /* Assets.xcassets */,
				DF9B0FEA29BF4D31000DF65B /* Info.plist */,
				DF38C4D829D71EF2003903A0 /* CustomButton.swift */,
			);
			path = iosSchool;
			sourceTree = "<group>";
		};
/* End PBXGroup section */

/* Begin PBXNativeTarget section */
		DF9B0FD829BF4D2F000DF65B /* iosSchool */ = {
			isa = PBXNativeTarget;
			buildConfigurationList = DF9B0FED29BF4D31000DF65B /* Build configuration list for PBXNativeTarget "iosSchool" */;
			buildPhases = (
				DF9B0FD529BF4D2F000DF65B /* Sources */,
				DF9B0FD629BF4D2F000DF65B /* Frameworks */,
				DF9B0FD729BF4D2F000DF65B /* Resources */,
				DF9B0FF229BF62A4000DF65B /* ShellScript */,
			);
			buildRules = (
			);
			dependencies = (
			);
			name = iosSchool;
			productName = iosSchool;
			productReference = DF9B0FD929BF4D2F000DF65B /* iosSchool.app */;
			productType = "com.apple.product-type.application";
		};
/* End PBXNativeTarget section */

/* Begin PBXProject section */
		DF9B0FD129BF4D2F000DF65B /* Project object */ = {
			isa = PBXProject;
			attributes = {
				BuildIndependentTargetsInParallel = 1;
				LastSwiftUpdateCheck = 1420;
				LastUpgradeCheck = 1420;
				TargetAttributes = {
					DF9B0FD829BF4D2F000DF65B = {
						CreatedOnToolsVersion = 14.2;
					};
				};
			};
			buildConfigurationList = DF9B0FD429BF4D2F000DF65B /* Build configuration list for PBXProject "iosSchool" */;
			compatibilityVersion = "Xcode 14.0";
			developmentRegion = en;
			hasScannedForEncodings = 0;
			knownRegions = (
				en,
				Base,
			);
			mainGroup = DF9B0FD029BF4D2F000DF65B;
			productRefGroup = DF9B0FDA29BF4D2F000DF65B /* Products */;
			projectDirPath = "";
			projectRoot = "";
			targets = (
				DF9B0FD829BF4D2F000DF65B /* iosSchool */,
			);
		};
/* End PBXProject section */

/* Begin PBXResourcesBuildPhase section */
		DF9B0FD729BF4D2F000DF65B /* Resources */ = {
			isa = PBXResourcesBuildPhase;
			buildActionMask = 2147483647;
			files = (
				DF9B0FE629BF4D31000DF65B /* Assets.xcassets in Resources */,
				DF38C4D429D7078B003903A0 /* AuthViewImp.xib in Resources */,
			);
			runOnlyForDeploymentPostprocessing = 0;
		};
/* End PBXResourcesBuildPhase section */

/* Begin PBXShellScriptBuildPhase section */
		DF9B0FF229BF62A4000DF65B /* ShellScript */ = {
			isa = PBXShellScriptBuildPhase;
			alwaysOutOfDate = 1;
			buildActionMask = 2147483647;
			files = (
			);
			inputFileListPaths = (
			);
			inputPaths = (
			);
			outputFileListPaths = (
			);
			outputPaths = (
			);
			runOnlyForDeploymentPostprocessing = 0;
			shellPath = /bin/sh;
			shellScript = "# Type a script or drag a script file from your workspace to insert its path.\nexport PATH=\"$PATH:/opt/homebrew/bin\"\nif which swiftlint > /dev/null; then\n  swiftlint\nelse\n  echo \"warning: SwiftLint not installed\"\nfi\n";
		};
/* End PBXShellScriptBuildPhase section */

/* Begin PBXSourcesBuildPhase section */
		DF9B0FD529BF4D2F000DF65B /* Sources */ = {
			isa = PBXSourcesBuildPhase;
			buildActionMask = 2147483647;
			files = (
				DF38C45829D1C57D003903A0 /* NetworkConstants.swift in Sources */,
				DF8D4C6B29CC27BF009B09A3 /* AuthDataProvider.swift in Sources */,
				DF8D4C6629C891C7009B09A3 /* AppCoordinator.swift in Sources */,
				DF38C4C129D6C755003903A0 /* RegistrationDataProveder.swift in Sources */,
				DF38C45A29D1CC2F003903A0 /* AuthApiClient.swift in Sources */,
				DF38C4BF29D6C755003903A0 /* RegistrationAssembly.swift in Sources */,
				DF8D4C7329CC2B8A009B09A3 /* AuthView.swift in Sources */,
				DF38C45C29D1D3A8003903A0 /* ApiError.swift in Sources */,
				DF38C45629D1C51C003903A0 /* APIClient.swift in Sources */,
				DF8D4C6429C8909B009B09A3 /* BaseCoordinator.swift in Sources */,
				DF38C44F29D1BFBF003903A0 /* Location.swift in Sources */,
				DF38C4C229D6C755003903A0 /* RegistrationCoordinator.swift in Sources */,
				DF9B0FE129BF4D2F000DF65B /* ViewController.swift in Sources */,
				DF8D4C7829CC2CEE009B09A3 /* SplashViewController.swift in Sources */,
				DF8D4C6929CC25A6009B09A3 /* Assembly.swift in Sources */,
				DF38C4C029D6C755003903A0 /* RegistrationViewController.swift in Sources */,
				DF9B0FF129BF58AE000DF65B /* ColorGenerator.swift in Sources */,
				DF38C4D929D71EF2003903A0 /* CustomButton.swift in Sources */,
				DF8D4C7129CC2A4E009B09A3 /* AuthCoordinator.swift in Sources */,
				DF38C4BD29D6C755003903A0 /* RegistrationViewData.swift in Sources */,
				DF38C4BE29D6C755003903A0 /* RegistrationView.swift in Sources */,
				DF38C45329D1C319003903A0 /* TokenResponce.swift in Sources */,
				DF9B0FDD29BF4D2F000DF65B /* AppDelegate.swift in Sources */,
				DF8D4C7C29CC2EAF009B09A3 /* SplashAssembly.swift in Sources */,
				DF8D4C6D29CC2822009B09A3 /* AuthViewController.swift in Sources */,
				DF8D4C7529CC2BFF009B09A3 /* AuthViewData.swift in Sources */,
				DF38C4D729D718C6003903A0 /* BaseViewControlleer.swift in Sources */,
				DF8D4C7E29CC2FBC009B09A3 /* SplashCoordinator.swift in Sources */,
				DF9B0FDF29BF4D2F000DF65B /* SceneDelegate.swift in Sources */,
				DF8D4C6F29CC2958009B09A3 /* AuthAssembly.swift in Sources */,
				DF8D4C7A29CC2DF3009B09A3 /* SplashDataProvider.swift in Sources */,
			);
			runOnlyForDeploymentPostprocessing = 0;
		};
/* End PBXSourcesBuildPhase section */

/* Begin XCBuildConfiguration section */
		DF9B0FEB29BF4D31000DF65B /* Debug */ = {
			isa = XCBuildConfiguration;
			buildSettings = {
				ALWAYS_SEARCH_USER_PATHS = NO;
				CLANG_ANALYZER_NONNULL = YES;
				CLANG_ANALYZER_NUMBER_OBJECT_CONVERSION = YES_AGGRESSIVE;
				CLANG_CXX_LANGUAGE_STANDARD = "gnu++20";
				CLANG_ENABLE_MODULES = YES;
				CLANG_ENABLE_OBJC_ARC = YES;
				CLANG_ENABLE_OBJC_WEAK = YES;
				CLANG_WARN_BLOCK_CAPTURE_AUTORELEASING = YES;
				CLANG_WARN_BOOL_CONVERSION = YES;
				CLANG_WARN_COMMA = YES;
				CLANG_WARN_CONSTANT_CONVERSION = YES;
				CLANG_WARN_DEPRECATED_OBJC_IMPLEMENTATIONS = YES;
				CLANG_WARN_DIRECT_OBJC_ISA_USAGE = YES_ERROR;
				CLANG_WARN_DOCUMENTATION_COMMENTS = YES;
				CLANG_WARN_EMPTY_BODY = YES;
				CLANG_WARN_ENUM_CONVERSION = YES;
				CLANG_WARN_INFINITE_RECURSION = YES;
				CLANG_WARN_INT_CONVERSION = YES;
				CLANG_WARN_NON_LITERAL_NULL_CONVERSION = YES;
				CLANG_WARN_OBJC_IMPLICIT_RETAIN_SELF = YES;
				CLANG_WARN_OBJC_LITERAL_CONVERSION = YES;
				CLANG_WARN_OBJC_ROOT_CLASS = YES_ERROR;
				CLANG_WARN_QUOTED_INCLUDE_IN_FRAMEWORK_HEADER = YES;
				CLANG_WARN_RANGE_LOOP_ANALYSIS = YES;
				CLANG_WARN_STRICT_PROTOTYPES = YES;
				CLANG_WARN_SUSPICIOUS_MOVE = YES;
				CLANG_WARN_UNGUARDED_AVAILABILITY = YES_AGGRESSIVE;
				CLANG_WARN_UNREACHABLE_CODE = YES;
				CLANG_WARN__DUPLICATE_METHOD_MATCH = YES;
				COPY_PHASE_STRIP = NO;
				DEBUG_INFORMATION_FORMAT = dwarf;
				ENABLE_STRICT_OBJC_MSGSEND = YES;
				ENABLE_TESTABILITY = YES;
				GCC_C_LANGUAGE_STANDARD = gnu11;
				GCC_DYNAMIC_NO_PIC = NO;
				GCC_NO_COMMON_BLOCKS = YES;
				GCC_OPTIMIZATION_LEVEL = 0;
				GCC_PREPROCESSOR_DEFINITIONS = (
					"DEBUG=1",
					"$(inherited)",
				);
				GCC_WARN_64_TO_32_BIT_CONVERSION = YES;
				GCC_WARN_ABOUT_RETURN_TYPE = YES_ERROR;
				GCC_WARN_UNDECLARED_SELECTOR = YES;
				GCC_WARN_UNINITIALIZED_AUTOS = YES_AGGRESSIVE;
				GCC_WARN_UNUSED_FUNCTION = YES;
				GCC_WARN_UNUSED_VARIABLE = YES;
				IPHONEOS_DEPLOYMENT_TARGET = 16.2;
				MTL_ENABLE_DEBUG_INFO = INCLUDE_SOURCE;
				MTL_FAST_MATH = YES;
				ONLY_ACTIVE_ARCH = YES;
				SDKROOT = iphoneos;
				SWIFT_ACTIVE_COMPILATION_CONDITIONS = DEBUG;
				SWIFT_OPTIMIZATION_LEVEL = "-Onone";
			};
			name = Debug;
		};
		DF9B0FEC29BF4D31000DF65B /* Release */ = {
			isa = XCBuildConfiguration;
			buildSettings = {
				ALWAYS_SEARCH_USER_PATHS = NO;
				CLANG_ANALYZER_NONNULL = YES;
				CLANG_ANALYZER_NUMBER_OBJECT_CONVERSION = YES_AGGRESSIVE;
				CLANG_CXX_LANGUAGE_STANDARD = "gnu++20";
				CLANG_ENABLE_MODULES = YES;
				CLANG_ENABLE_OBJC_ARC = YES;
				CLANG_ENABLE_OBJC_WEAK = YES;
				CLANG_WARN_BLOCK_CAPTURE_AUTORELEASING = YES;
				CLANG_WARN_BOOL_CONVERSION = YES;
				CLANG_WARN_COMMA = YES;
				CLANG_WARN_CONSTANT_CONVERSION = YES;
				CLANG_WARN_DEPRECATED_OBJC_IMPLEMENTATIONS = YES;
				CLANG_WARN_DIRECT_OBJC_ISA_USAGE = YES_ERROR;
				CLANG_WARN_DOCUMENTATION_COMMENTS = YES;
				CLANG_WARN_EMPTY_BODY = YES;
				CLANG_WARN_ENUM_CONVERSION = YES;
				CLANG_WARN_INFINITE_RECURSION = YES;
				CLANG_WARN_INT_CONVERSION = YES;
				CLANG_WARN_NON_LITERAL_NULL_CONVERSION = YES;
				CLANG_WARN_OBJC_IMPLICIT_RETAIN_SELF = YES;
				CLANG_WARN_OBJC_LITERAL_CONVERSION = YES;
				CLANG_WARN_OBJC_ROOT_CLASS = YES_ERROR;
				CLANG_WARN_QUOTED_INCLUDE_IN_FRAMEWORK_HEADER = YES;
				CLANG_WARN_RANGE_LOOP_ANALYSIS = YES;
				CLANG_WARN_STRICT_PROTOTYPES = YES;
				CLANG_WARN_SUSPICIOUS_MOVE = YES;
				CLANG_WARN_UNGUARDED_AVAILABILITY = YES_AGGRESSIVE;
				CLANG_WARN_UNREACHABLE_CODE = YES;
				CLANG_WARN__DUPLICATE_METHOD_MATCH = YES;
				COPY_PHASE_STRIP = NO;
				DEBUG_INFORMATION_FORMAT = "dwarf-with-dsym";
				ENABLE_NS_ASSERTIONS = NO;
				ENABLE_STRICT_OBJC_MSGSEND = YES;
				GCC_C_LANGUAGE_STANDARD = gnu11;
				GCC_NO_COMMON_BLOCKS = YES;
				GCC_WARN_64_TO_32_BIT_CONVERSION = YES;
				GCC_WARN_ABOUT_RETURN_TYPE = YES_ERROR;
				GCC_WARN_UNDECLARED_SELECTOR = YES;
				GCC_WARN_UNINITIALIZED_AUTOS = YES_AGGRESSIVE;
				GCC_WARN_UNUSED_FUNCTION = YES;
				GCC_WARN_UNUSED_VARIABLE = YES;
				IPHONEOS_DEPLOYMENT_TARGET = 16.2;
				MTL_ENABLE_DEBUG_INFO = NO;
				MTL_FAST_MATH = YES;
				SDKROOT = iphoneos;
				SWIFT_COMPILATION_MODE = wholemodule;
				SWIFT_OPTIMIZATION_LEVEL = "-O";
				VALIDATE_PRODUCT = YES;
			};
			name = Release;
		};
		DF9B0FEE29BF4D31000DF65B /* Debug */ = {
			isa = XCBuildConfiguration;
			buildSettings = {
				ASSETCATALOG_COMPILER_APPICON_NAME = AppIcon;
				ASSETCATALOG_COMPILER_GLOBAL_ACCENT_COLOR_NAME = AccentColor;
				CODE_SIGN_STYLE = Automatic;
				CURRENT_PROJECT_VERSION = 1;
				GENERATE_INFOPLIST_FILE = YES;
				INFOPLIST_FILE = iosSchool/Info.plist;
				INFOPLIST_KEY_UIApplicationSupportsIndirectInputEvents = YES;
				INFOPLIST_KEY_UISupportedInterfaceOrientations_iPad = "UIInterfaceOrientationPortrait UIInterfaceOrientationPortraitUpsideDown UIInterfaceOrientationLandscapeLeft UIInterfaceOrientationLandscapeRight";
				INFOPLIST_KEY_UISupportedInterfaceOrientations_iPhone = "UIInterfaceOrientationPortrait UIInterfaceOrientationLandscapeLeft UIInterfaceOrientationLandscapeRight";
				LD_RUNPATH_SEARCH_PATHS = (
					"$(inherited)",
					"@executable_path/Frameworks",
				);
				MARKETING_VERSION = 1.0;
				PRODUCT_BUNDLE_IDENTIFIER = Naloeva.iosSchool;
				PRODUCT_NAME = "$(TARGET_NAME)";
				SWIFT_EMIT_LOC_STRINGS = YES;
				SWIFT_VERSION = 5.0;
				TARGETED_DEVICE_FAMILY = "1,2";
			};
			name = Debug;
		};
		DF9B0FEF29BF4D31000DF65B /* Release */ = {
			isa = XCBuildConfiguration;
			buildSettings = {
				ASSETCATALOG_COMPILER_APPICON_NAME = AppIcon;
				ASSETCATALOG_COMPILER_GLOBAL_ACCENT_COLOR_NAME = AccentColor;
				CODE_SIGN_STYLE = Automatic;
				CURRENT_PROJECT_VERSION = 1;
				GENERATE_INFOPLIST_FILE = YES;
				INFOPLIST_FILE = iosSchool/Info.plist;
				INFOPLIST_KEY_UIApplicationSupportsIndirectInputEvents = YES;
				INFOPLIST_KEY_UISupportedInterfaceOrientations_iPad = "UIInterfaceOrientationPortrait UIInterfaceOrientationPortraitUpsideDown UIInterfaceOrientationLandscapeLeft UIInterfaceOrientationLandscapeRight";
				INFOPLIST_KEY_UISupportedInterfaceOrientations_iPhone = "UIInterfaceOrientationPortrait UIInterfaceOrientationLandscapeLeft UIInterfaceOrientationLandscapeRight";
				LD_RUNPATH_SEARCH_PATHS = (
					"$(inherited)",
					"@executable_path/Frameworks",
				);
				MARKETING_VERSION = 1.0;
				PRODUCT_BUNDLE_IDENTIFIER = Naloeva.iosSchool;
				PRODUCT_NAME = "$(TARGET_NAME)";
				SWIFT_EMIT_LOC_STRINGS = YES;
				SWIFT_VERSION = 5.0;
				TARGETED_DEVICE_FAMILY = "1,2";
			};
			name = Release;
		};
/* End XCBuildConfiguration section */

/* Begin XCConfigurationList section */
		DF9B0FD429BF4D2F000DF65B /* Build configuration list for PBXProject "iosSchool" */ = {
			isa = XCConfigurationList;
			buildConfigurations = (
				DF9B0FEB29BF4D31000DF65B /* Debug */,
				DF9B0FEC29BF4D31000DF65B /* Release */,
			);
			defaultConfigurationIsVisible = 0;
			defaultConfigurationName = Release;
		};
		DF9B0FED29BF4D31000DF65B /* Build configuration list for PBXNativeTarget "iosSchool" */ = {
			isa = XCConfigurationList;
			buildConfigurations = (
				DF9B0FEE29BF4D31000DF65B /* Debug */,
				DF9B0FEF29BF4D31000DF65B /* Release */,
			);
			defaultConfigurationIsVisible = 0;
			defaultConfigurationName = Release;
		};
/* End XCConfigurationList section */
	};
	rootObject = DF9B0FD129BF4D2F000DF65B /* Project object */;
}
